
Microsoft Visual Studio Solution File, Format Version 12.00
# Visual Studio Version 16
VisualStudioVersion = 16.0.30204.135
MinimumVisualStudioVersion = 15.0.26124.0
Project("{2150E333-8FDC-42A3-9474-1A3956D46DE8}") = "src", "src", "{3DB10A1E-175A-4275-9B83-FB94BA520F8B}"
EndProject
Project("{9A19103F-16F7-4668-BE54-9A1E7A4F7556}") = "FakeXrmEasy.Messages", "src\FakeXrmEasy.Messages\FakeXrmEasy.Messages.csproj", "{DACCCFB6-3757-4F7B-9DE7-D2F0E8B4EE2B}"
EndProject
Project("{2150E333-8FDC-42A3-9474-1A3956D46DE8}") = "tests", "tests", "{F26F4FD5-C129-4E6C-9E6E-D20DD1A8AB3B}"
EndProject
Project("{9A19103F-16F7-4668-BE54-9A1E7A4F7556}") = "FakeXrmEasy.Messages.Tests", "tests\FakeXrmEasy.Messages.Tests\FakeXrmEasy.Messages.Tests.csproj", "{3D9C367A-B497-4D80-A81E-7F60EEAA85A0}"
EndProject
Project("{2150E333-8FDC-42A3-9474-1A3956D46DE8}") = "Solution Items", "Solution Items", "{F2D0017F-D433-4215-84F0-802D291E7F74}"
	ProjectSection(SolutionItems) = preProject
		CHANGELOG.md = CHANGELOG.md
	EndProjectSection
EndProject
Global
	GlobalSection(SolutionConfigurationPlatforms) = preSolution
		Debug|Any CPU = Debug|Any CPU
		Debug|x64 = Debug|x64
		Debug|x86 = Debug|x86
		FAKE_XRM_EASY_2013|Any CPU = FAKE_XRM_EASY_2013|Any CPU
		FAKE_XRM_EASY_2013|x64 = FAKE_XRM_EASY_2013|x64
		FAKE_XRM_EASY_2013|x86 = FAKE_XRM_EASY_2013|x86
		FAKE_XRM_EASY_2015|Any CPU = FAKE_XRM_EASY_2015|Any CPU
		FAKE_XRM_EASY_2015|x64 = FAKE_XRM_EASY_2015|x64
		FAKE_XRM_EASY_2015|x86 = FAKE_XRM_EASY_2015|x86
		FAKE_XRM_EASY_2016|Any CPU = FAKE_XRM_EASY_2016|Any CPU
		FAKE_XRM_EASY_2016|x64 = FAKE_XRM_EASY_2016|x64
		FAKE_XRM_EASY_2016|x86 = FAKE_XRM_EASY_2016|x86
		FAKE_XRM_EASY_365|Any CPU = FAKE_XRM_EASY_365|Any CPU
		FAKE_XRM_EASY_365|x64 = FAKE_XRM_EASY_365|x64
		FAKE_XRM_EASY_365|x86 = FAKE_XRM_EASY_365|x86
		FAKE_XRM_EASY_9|Any CPU = FAKE_XRM_EASY_9|Any CPU
		FAKE_XRM_EASY_9|x64 = FAKE_XRM_EASY_9|x64
		FAKE_XRM_EASY_9|x86 = FAKE_XRM_EASY_9|x86
		FAKE_XRM_EASY|Any CPU = FAKE_XRM_EASY|Any CPU
		FAKE_XRM_EASY|x64 = FAKE_XRM_EASY|x64
		FAKE_XRM_EASY|x86 = FAKE_XRM_EASY|x86
		Release|Any CPU = Release|Any CPU
		Release|x64 = Release|x64
		Release|x86 = Release|x86
	EndGlobalSection
	GlobalSection(ProjectConfigurationPlatforms) = postSolution
		{DACCCFB6-3757-4F7B-9DE7-D2F0E8B4EE2B}.Debug|Any CPU.ActiveCfg = Debug|Any CPU
		{DACCCFB6-3757-4F7B-9DE7-D2F0E8B4EE2B}.Debug|Any CPU.Build.0 = Debug|Any CPU
		{DACCCFB6-3757-4F7B-9DE7-D2F0E8B4EE2B}.Debug|x64.ActiveCfg = Debug|Any CPU
		{DACCCFB6-3757-4F7B-9DE7-D2F0E8B4EE2B}.Debug|x64.Build.0 = Debug|Any CPU
		{DACCCFB6-3757-4F7B-9DE7-D2F0E8B4EE2B}.Debug|x86.ActiveCfg = Debug|Any CPU
		{DACCCFB6-3757-4F7B-9DE7-D2F0E8B4EE2B}.Debug|x86.Build.0 = Debug|Any CPU
		{DACCCFB6-3757-4F7B-9DE7-D2F0E8B4EE2B}.FAKE_XRM_EASY_2013|Any CPU.ActiveCfg = FAKE_XRM_EASY_2013|Any CPU
		{DACCCFB6-3757-4F7B-9DE7-D2F0E8B4EE2B}.FAKE_XRM_EASY_2013|Any CPU.Build.0 = FAKE_XRM_EASY_2013|Any CPU
		{DACCCFB6-3757-4F7B-9DE7-D2F0E8B4EE2B}.FAKE_XRM_EASY_2013|x64.ActiveCfg = FAKE_XRM_EASY_2013|Any CPU
		{DACCCFB6-3757-4F7B-9DE7-D2F0E8B4EE2B}.FAKE_XRM_EASY_2013|x64.Build.0 = FAKE_XRM_EASY_2013|Any CPU
		{DACCCFB6-3757-4F7B-9DE7-D2F0E8B4EE2B}.FAKE_XRM_EASY_2013|x86.ActiveCfg = FAKE_XRM_EASY_2013|Any CPU
		{DACCCFB6-3757-4F7B-9DE7-D2F0E8B4EE2B}.FAKE_XRM_EASY_2013|x86.Build.0 = FAKE_XRM_EASY_2013|Any CPU
		{DACCCFB6-3757-4F7B-9DE7-D2F0E8B4EE2B}.FAKE_XRM_EASY_2015|Any CPU.ActiveCfg = FAKE_XRM_EASY_2015|Any CPU
		{DACCCFB6-3757-4F7B-9DE7-D2F0E8B4EE2B}.FAKE_XRM_EASY_2015|Any CPU.Build.0 = FAKE_XRM_EASY_2015|Any CPU
		{DACCCFB6-3757-4F7B-9DE7-D2F0E8B4EE2B}.FAKE_XRM_EASY_2015|x64.ActiveCfg = FAKE_XRM_EASY_2015|Any CPU
		{DACCCFB6-3757-4F7B-9DE7-D2F0E8B4EE2B}.FAKE_XRM_EASY_2015|x64.Build.0 = FAKE_XRM_EASY_2015|Any CPU
		{DACCCFB6-3757-4F7B-9DE7-D2F0E8B4EE2B}.FAKE_XRM_EASY_2015|x86.ActiveCfg = FAKE_XRM_EASY_2015|Any CPU
		{DACCCFB6-3757-4F7B-9DE7-D2F0E8B4EE2B}.FAKE_XRM_EASY_2015|x86.Build.0 = FAKE_XRM_EASY_2015|Any CPU
		{DACCCFB6-3757-4F7B-9DE7-D2F0E8B4EE2B}.FAKE_XRM_EASY_2016|Any CPU.ActiveCfg = FAKE_XRM_EASY_2016|Any CPU
		{DACCCFB6-3757-4F7B-9DE7-D2F0E8B4EE2B}.FAKE_XRM_EASY_2016|Any CPU.Build.0 = FAKE_XRM_EASY_2016|Any CPU
		{DACCCFB6-3757-4F7B-9DE7-D2F0E8B4EE2B}.FAKE_XRM_EASY_2016|x64.ActiveCfg = FAKE_XRM_EASY_2016|Any CPU
		{DACCCFB6-3757-4F7B-9DE7-D2F0E8B4EE2B}.FAKE_XRM_EASY_2016|x64.Build.0 = FAKE_XRM_EASY_2016|Any CPU
		{DACCCFB6-3757-4F7B-9DE7-D2F0E8B4EE2B}.FAKE_XRM_EASY_2016|x86.ActiveCfg = FAKE_XRM_EASY_2016|Any CPU
		{DACCCFB6-3757-4F7B-9DE7-D2F0E8B4EE2B}.FAKE_XRM_EASY_2016|x86.Build.0 = FAKE_XRM_EASY_2016|Any CPU
		{DACCCFB6-3757-4F7B-9DE7-D2F0E8B4EE2B}.FAKE_XRM_EASY_365|Any CPU.ActiveCfg = FAKE_XRM_EASY_365|Any CPU
		{DACCCFB6-3757-4F7B-9DE7-D2F0E8B4EE2B}.FAKE_XRM_EASY_365|Any CPU.Build.0 = FAKE_XRM_EASY_365|Any CPU
		{DACCCFB6-3757-4F7B-9DE7-D2F0E8B4EE2B}.FAKE_XRM_EASY_365|x64.ActiveCfg = FAKE_XRM_EASY_365|Any CPU
		{DACCCFB6-3757-4F7B-9DE7-D2F0E8B4EE2B}.FAKE_XRM_EASY_365|x64.Build.0 = FAKE_XRM_EASY_365|Any CPU
		{DACCCFB6-3757-4F7B-9DE7-D2F0E8B4EE2B}.FAKE_XRM_EASY_365|x86.ActiveCfg = FAKE_XRM_EASY_365|Any CPU
		{DACCCFB6-3757-4F7B-9DE7-D2F0E8B4EE2B}.FAKE_XRM_EASY_365|x86.Build.0 = FAKE_XRM_EASY_365|Any CPU
		{DACCCFB6-3757-4F7B-9DE7-D2F0E8B4EE2B}.FAKE_XRM_EASY_9|Any CPU.ActiveCfg = FAKE_XRM_EASY_9|Any CPU
		{DACCCFB6-3757-4F7B-9DE7-D2F0E8B4EE2B}.FAKE_XRM_EASY_9|Any CPU.Build.0 = FAKE_XRM_EASY_9|Any CPU
		{DACCCFB6-3757-4F7B-9DE7-D2F0E8B4EE2B}.FAKE_XRM_EASY_9|x64.ActiveCfg = FAKE_XRM_EASY_9|Any CPU
		{DACCCFB6-3757-4F7B-9DE7-D2F0E8B4EE2B}.FAKE_XRM_EASY_9|x64.Build.0 = FAKE_XRM_EASY_9|Any CPU
		{DACCCFB6-3757-4F7B-9DE7-D2F0E8B4EE2B}.FAKE_XRM_EASY_9|x86.ActiveCfg = FAKE_XRM_EASY_9|Any CPU
		{DACCCFB6-3757-4F7B-9DE7-D2F0E8B4EE2B}.FAKE_XRM_EASY_9|x86.Build.0 = FAKE_XRM_EASY_9|Any CPU
		{DACCCFB6-3757-4F7B-9DE7-D2F0E8B4EE2B}.FAKE_XRM_EASY|Any CPU.ActiveCfg = FAKE_XRM_EASY|Any CPU
		{DACCCFB6-3757-4F7B-9DE7-D2F0E8B4EE2B}.FAKE_XRM_EASY|Any CPU.Build.0 = FAKE_XRM_EASY|Any CPU
		{DACCCFB6-3757-4F7B-9DE7-D2F0E8B4EE2B}.FAKE_XRM_EASY|x64.ActiveCfg = FAKE_XRM_EASY|Any CPU
		{DACCCFB6-3757-4F7B-9DE7-D2F0E8B4EE2B}.FAKE_XRM_EASY|x64.Build.0 = FAKE_XRM_EASY|Any CPU
		{DACCCFB6-3757-4F7B-9DE7-D2F0E8B4EE2B}.FAKE_XRM_EASY|x86.ActiveCfg = FAKE_XRM_EASY|Any CPU
		{DACCCFB6-3757-4F7B-9DE7-D2F0E8B4EE2B}.FAKE_XRM_EASY|x86.Build.0 = FAKE_XRM_EASY|Any CPU
		{DACCCFB6-3757-4F7B-9DE7-D2F0E8B4EE2B}.Release|Any CPU.ActiveCfg = Debug|Any CPU
		{DACCCFB6-3757-4F7B-9DE7-D2F0E8B4EE2B}.Release|Any CPU.Build.0 = Debug|Any CPU
		{DACCCFB6-3757-4F7B-9DE7-D2F0E8B4EE2B}.Release|x64.ActiveCfg = Debug|Any CPU
		{DACCCFB6-3757-4F7B-9DE7-D2F0E8B4EE2B}.Release|x64.Build.0 = Debug|Any CPU
		{DACCCFB6-3757-4F7B-9DE7-D2F0E8B4EE2B}.Release|x86.ActiveCfg = Debug|Any CPU
		{DACCCFB6-3757-4F7B-9DE7-D2F0E8B4EE2B}.Release|x86.Build.0 = Debug|Any CPU
		{3D9C367A-B497-4D80-A81E-7F60EEAA85A0}.Debug|Any CPU.ActiveCfg = Debug|Any CPU
		{3D9C367A-B497-4D80-A81E-7F60EEAA85A0}.Debug|Any CPU.Build.0 = Debug|Any CPU
		{3D9C367A-B497-4D80-A81E-7F60EEAA85A0}.Debug|x64.ActiveCfg = Debug|Any CPU
		{3D9C367A-B497-4D80-A81E-7F60EEAA85A0}.Debug|x64.Build.0 = Debug|Any CPU
		{3D9C367A-B497-4D80-A81E-7F60EEAA85A0}.Debug|x86.ActiveCfg = Debug|Any CPU
		{3D9C367A-B497-4D80-A81E-7F60EEAA85A0}.Debug|x86.Build.0 = Debug|Any CPU
		{3D9C367A-B497-4D80-A81E-7F60EEAA85A0}.FAKE_XRM_EASY_2013|Any CPU.ActiveCfg = FAKE_XRM_EASY_2013|Any CPU
		{3D9C367A-B497-4D80-A81E-7F60EEAA85A0}.FAKE_XRM_EASY_2013|Any CPU.Build.0 = FAKE_XRM_EASY_2013|Any CPU
		{3D9C367A-B497-4D80-A81E-7F60EEAA85A0}.FAKE_XRM_EASY_2013|x64.ActiveCfg = FAKE_XRM_EASY_2013|Any CPU
		{3D9C367A-B497-4D80-A81E-7F60EEAA85A0}.FAKE_XRM_EASY_2013|x64.Build.0 = FAKE_XRM_EASY_2013|Any CPU
		{3D9C367A-B497-4D80-A81E-7F60EEAA85A0}.FAKE_XRM_EASY_2013|x86.ActiveCfg = FAKE_XRM_EASY_2013|Any CPU
		{3D9C367A-B497-4D80-A81E-7F60EEAA85A0}.FAKE_XRM_EASY_2013|x86.Build.0 = FAKE_XRM_EASY_2013|Any CPU
		{3D9C367A-B497-4D80-A81E-7F60EEAA85A0}.FAKE_XRM_EASY_2015|Any CPU.ActiveCfg = FAKE_XRM_EASY_2015|Any CPU
		{3D9C367A-B497-4D80-A81E-7F60EEAA85A0}.FAKE_XRM_EASY_2015|Any CPU.Build.0 = FAKE_XRM_EASY_2015|Any CPU
		{3D9C367A-B497-4D80-A81E-7F60EEAA85A0}.FAKE_XRM_EASY_2015|x64.ActiveCfg = FAKE_XRM_EASY_2015|Any CPU
		{3D9C367A-B497-4D80-A81E-7F60EEAA85A0}.FAKE_XRM_EASY_2015|x64.Build.0 = FAKE_XRM_EASY_2015|Any CPU
		{3D9C367A-B497-4D80-A81E-7F60EEAA85A0}.FAKE_XRM_EASY_2015|x86.ActiveCfg = FAKE_XRM_EASY_2015|Any CPU
		{3D9C367A-B497-4D80-A81E-7F60EEAA85A0}.FAKE_XRM_EASY_2015|x86.Build.0 = FAKE_XRM_EASY_2015|Any CPU
		{3D9C367A-B497-4D80-A81E-7F60EEAA85A0}.FAKE_XRM_EASY_2016|Any CPU.ActiveCfg = FAKE_XRM_EASY_2016|Any CPU
		{3D9C367A-B497-4D80-A81E-7F60EEAA85A0}.FAKE_XRM_EASY_2016|Any CPU.Build.0 = FAKE_XRM_EASY_2016|Any CPU
		{3D9C367A-B497-4D80-A81E-7F60EEAA85A0}.FAKE_XRM_EASY_2016|x64.ActiveCfg = FAKE_XRM_EASY_2016|Any CPU
		{3D9C367A-B497-4D80-A81E-7F60EEAA85A0}.FAKE_XRM_EASY_2016|x64.Build.0 = FAKE_XRM_EASY_2016|Any CPU
		{3D9C367A-B497-4D80-A81E-7F60EEAA85A0}.FAKE_XRM_EASY_2016|x86.ActiveCfg = FAKE_XRM_EASY_2016|Any CPU
		{3D9C367A-B497-4D80-A81E-7F60EEAA85A0}.FAKE_XRM_EASY_2016|x86.Build.0 = FAKE_XRM_EASY_2016|Any CPU
		{3D9C367A-B497-4D80-A81E-7F60EEAA85A0}.FAKE_XRM_EASY_365|Any CPU.ActiveCfg = FAKE_XRM_EASY_365|Any CPU
		{3D9C367A-B497-4D80-A81E-7F60EEAA85A0}.FAKE_XRM_EASY_365|Any CPU.Build.0 = FAKE_XRM_EASY_365|Any CPU
		{3D9C367A-B497-4D80-A81E-7F60EEAA85A0}.FAKE_XRM_EASY_365|x64.ActiveCfg = FAKE_XRM_EASY_365|Any CPU
		{3D9C367A-B497-4D80-A81E-7F60EEAA85A0}.FAKE_XRM_EASY_365|x64.Build.0 = FAKE_XRM_EASY_365|Any CPU
		{3D9C367A-B497-4D80-A81E-7F60EEAA85A0}.FAKE_XRM_EASY_365|x86.ActiveCfg = FAKE_XRM_EASY_365|Any CPU
		{3D9C367A-B497-4D80-A81E-7F60EEAA85A0}.FAKE_XRM_EASY_365|x86.Build.0 = FAKE_XRM_EASY_365|Any CPU
		{3D9C367A-B497-4D80-A81E-7F60EEAA85A0}.FAKE_XRM_EASY_9|Any CPU.ActiveCfg = FAKE_XRM_EASY_9|Any CPU
		{3D9C367A-B497-4D80-A81E-7F60EEAA85A0}.FAKE_XRM_EASY_9|Any CPU.Build.0 = FAKE_XRM_EASY_9|Any CPU
		{3D9C367A-B497-4D80-A81E-7F60EEAA85A0}.FAKE_XRM_EASY_9|x64.ActiveCfg = FAKE_XRM_EASY_9|Any CPU
		{3D9C367A-B497-4D80-A81E-7F60EEAA85A0}.FAKE_XRM_EASY_9|x64.Build.0 = FAKE_XRM_EASY_9|Any CPU
		{3D9C367A-B497-4D80-A81E-7F60EEAA85A0}.FAKE_XRM_EASY_9|x86.ActiveCfg = FAKE_XRM_EASY_9|Any CPU
		{3D9C367A-B497-4D80-A81E-7F60EEAA85A0}.FAKE_XRM_EASY_9|x86.Build.0 = FAKE_XRM_EASY_9|Any CPU
		{3D9C367A-B497-4D80-A81E-7F60EEAA85A0}.FAKE_XRM_EASY|Any CPU.ActiveCfg = FAKE_XRM_EASY|Any CPU
		{3D9C367A-B497-4D80-A81E-7F60EEAA85A0}.FAKE_XRM_EASY|Any CPU.Build.0 = FAKE_XRM_EASY|Any CPU
		{3D9C367A-B497-4D80-A81E-7F60EEAA85A0}.FAKE_XRM_EASY|x64.ActiveCfg = FAKE_XRM_EASY|Any CPU
		{3D9C367A-B497-4D80-A81E-7F60EEAA85A0}.FAKE_XRM_EASY|x64.Build.0 = FAKE_XRM_EASY|Any CPU
		{3D9C367A-B497-4D80-A81E-7F60EEAA85A0}.FAKE_XRM_EASY|x86.ActiveCfg = FAKE_XRM_EASY|Any CPU
		{3D9C367A-B497-4D80-A81E-7F60EEAA85A0}.FAKE_XRM_EASY|x86.Build.0 = FAKE_XRM_EASY|Any CPU
		{3D9C367A-B497-4D80-A81E-7F60EEAA85A0}.Release|Any CPU.ActiveCfg = Debug|Any CPU
		{3D9C367A-B497-4D80-A81E-7F60EEAA85A0}.Release|Any CPU.Build.0 = Debug|Any CPU
		{3D9C367A-B497-4D80-A81E-7F60EEAA85A0}.Release|x64.ActiveCfg = Debug|Any CPU
		{3D9C367A-B497-4D80-A81E-7F60EEAA85A0}.Release|x64.Build.0 = Debug|Any CPU
		{3D9C367A-B497-4D80-A81E-7F60EEAA85A0}.Release|x86.ActiveCfg = Debug|Any CPU
		{3D9C367A-B497-4D80-A81E-7F60EEAA85A0}.Release|x86.Build.0 = Debug|Any CPU
	EndGlobalSection
	GlobalSection(SolutionProperties) = preSolution
		HideSolutionNode = FALSE
	EndGlobalSection
	GlobalSection(NestedProjects) = preSolution
		{DACCCFB6-3757-4F7B-9DE7-D2F0E8B4EE2B} = {3DB10A1E-175A-4275-9B83-FB94BA520F8B}
		{3D9C367A-B497-4D80-A81E-7F60EEAA85A0} = {F26F4FD5-C129-4E6C-9E6E-D20DD1A8AB3B}
	EndGlobalSection
	GlobalSection(ExtensibilityGlobals) = postSolution
		SolutionGuid = {12767488-94DF-4F45-B8DA-8BCD42775DCB}
	EndGlobalSection
EndGlobal
